github.com/google/uuid v1.2.0 h1:qJYtXnJRWmpe7m/3XlyhrsLrEURqHRM2kxzoxXqyUDs=
github.com/google/uuid v1.2.0/go.mod h1:TIyPZe4MgqvfeYDBFedMoGGpEw/LqOeaOT+nhxU+yHo=
github.com/van-pelt/walletTypes v0.0.0-20210429165121-33a6460380dc h1:vZYNoMl1mA/Bub6Gsa84hIrRlT8jWxTJ2HyBdI30MQc=
github.com/van-pelt/walletTypes v0.0.0-20210429165121-33a6460380dc/go.mod h1:TAcie0iopTnF1EYUcSin22lVMrJNTwD/9FCwne+8bNo=
